{
    "version": 3,
    "terraform_version": "0.11.11",
    "serial": 9,
    "lineage": "77bb023c-1906-473e-770a-746ad3b5b61f",
    "modules": [
        {
            "path": [
                "root"
            ],
            "outputs": {},
            "resources": {
                "data.aws_iam_role.role": {
                    "type": "aws_iam_role",
                    "depends_on": [],
                    "primary": {
                        "id": "MyRole",
                        "attributes": {
                            "arn": "arn:aws:iam::534141808982:role/MyRole",
                            "assume_role_policy": "{\"Version\":\"2012-10-17\",\"Statement\":[{\"Sid\":\"\",\"Effect\":\"Allow\",\"Principal\":{\"Service\":\"lambda.amazonaws.com\"},\"Action\":\"sts:AssumeRole\"}]}",
                            "assume_role_policy_document": "{\"Version\":\"2012-10-17\",\"Statement\":[{\"Sid\":\"\",\"Effect\":\"Allow\",\"Principal\":{\"Service\":\"lambda.amazonaws.com\"},\"Action\":\"sts:AssumeRole\"}]}",
                            "create_date": "2019-01-31T07:36:34Z",
                            "description": "",
                            "id": "MyRole",
                            "max_session_duration": "3600",
                            "name": "MyRole",
                            "path": "/",
                            "permissions_boundary": "",
                            "role_id": "AROAIWGL7X7JK7XIO7U54",
                            "unique_id": "AROAIWGL7X7JK7XIO7U54"
                        },
                        "meta": {},
                        "tainted": false
                    },
                    "deposed": [],
                    "provider": "provider.aws"
                },
                "null_resource.git_pull": {
                    "type": "null_resource",
                    "depends_on": [],
                    "primary": {
                        "id": "5844087292681156545",
                        "attributes": {
                            "id": "5844087292681156545"
                        },
                        "meta": {},
                        "tainted": false
                    },
                    "deposed": [],
                    "provider": "provider.null"
                }
            },
            "depends_on": []
        },
        {
            "path": [
                "root",
                "global_variables"
            ],
            "outputs": {
                "profile": {
                    "sensitive": false,
                    "type": "string",
                    "value": "default"
                },
                "region": {
                    "sensitive": false,
                    "type": "string",
                    "value": "ap-southeast-1"
                },
                "runtime": {
                    "sensitive": false,
                    "type": "string",
                    "value": "dotnetcore2.1"
                }
            },
            "resources": {},
            "depends_on": []
        },
        {
            "path": [
                "root",
                "list_profile"
            ],
            "outputs": {
                "arn": {
                    "sensitive": false,
                    "type": "string",
                    "value": "arn:aws:lambda:ap-southeast-1:534141808982:function:terraform-workshop"
                },
                "invoke_arn": {
                    "sensitive": false,
                    "type": "string",
                    "value": "arn:aws:apigateway:ap-southeast-1:lambda:path/2015-03-31/functions/arn:aws:lambda:ap-southeast-1:534141808982:function:terraform-workshop/invocations"
                },
                "name": {
                    "sensitive": false,
                    "type": "string",
                    "value": "terraform-workshop"
                },
                "version": {
                    "sensitive": false,
                    "type": "string",
                    "value": "$LATEST"
                }
            },
            "resources": {
                "aws_lambda_function.lambda": {
                    "type": "aws_lambda_function",
                    "depends_on": [
                        "data.archive_file.lambda",
                        "local.environment",
                        "local.handler",
                        "local.name",
                        "local.output_path",
                        "local.publish_version",
                        "local.runtime",
                        "local.timeout"
                    ],
                    "primary": {
                        "id": "terraform-workshop",
                        "attributes": {
                            "arn": "arn:aws:lambda:ap-southeast-1:534141808982:function:terraform-workshop",
                            "dead_letter_config.#": "0",
                            "description": "",
                            "environment.#": "1",
                            "environment.0.variables.%": "1",
                            "environment.0.variables.dummy": "_",
                            "filename": "project_workspace/deployment.zip",
                            "function_name": "terraform-workshop",
                            "handler": "aws-lambda-function::aws_lambda_function.Function::FunctionHandler",
                            "id": "terraform-workshop",
                            "invoke_arn": "arn:aws:apigateway:ap-southeast-1:lambda:path/2015-03-31/functions/arn:aws:lambda:ap-southeast-1:534141808982:function:terraform-workshop/invocations",
                            "kms_key_arn": "",
                            "last_modified": "2019-02-13T11:52:31.142+0000",
                            "layers.#": "0",
                            "memory_size": "128",
                            "publish": "false",
                            "qualified_arn": "arn:aws:lambda:ap-southeast-1:534141808982:function:terraform-workshop:$LATEST",
                            "reserved_concurrent_executions": "0",
                            "role": "arn:aws:iam::534141808982:role/MyRole",
                            "runtime": "dotnetcore2.1",
                            "source_code_hash": "WE1ArdyS+Kj0vB7JUL4wDeVh5eY/A00UZOaiGBfCv0Q=",
                            "source_code_size": "215066",
                            "tags.%": "0",
                            "timeout": "3",
                            "tracing_config.#": "1",
                            "tracing_config.0.mode": "PassThrough",
                            "version": "$LATEST",
                            "vpc_config.#": "0"
                        },
                        "meta": {
                            "e2bfb730-ecaa-11e6-8f88-34363bc7c4c0": {
                                "create": 600000000000
                            }
                        },
                        "tainted": false
                    },
                    "deposed": [],
                    "provider": "provider.aws"
                },
                "data.archive_file.lambda": {
                    "type": "archive_file",
                    "depends_on": [
                        "local.output_path",
                        "local.source_dir"
                    ],
                    "primary": {
                        "id": "65bcb60120c12829253821624e76b07c0275e427",
                        "attributes": {
                            "id": "65bcb60120c12829253821624e76b07c0275e427",
                            "output_base64sha256": "WE1ArdyS+Kj0vB7JUL4wDeVh5eY/A00UZOaiGBfCv0Q=",
                            "output_md5": "d87c90482949e955b67e88c0a6fef50e",
                            "output_path": "project_workspace/deployment.zip",
                            "output_sha": "65bcb60120c12829253821624e76b07c0275e427",
                            "output_size": "215066",
                            "source.#": "0",
                            "source_dir": "project_workspace/src/aws-lambda-function/bin/Release/netcoreapp2.1/publish",
                            "type": "zip"
                        },
                        "meta": {},
                        "tainted": false
                    },
                    "deposed": [],
                    "provider": "provider.archive"
                }
            },
            "depends_on": []
        },
        {
            "path": [
                "root",
                "list_profile",
                "api"
            ],
            "outputs": {
                "api_url": {
                    "sensitive": false,
                    "type": "string",
                    "value": "https://0y6wzn0ail.execute-api.ap-southeast-1.amazonaws.com/dev"
                },
                "http_method": {
                    "sensitive": false,
                    "type": "string",
                    "value": "GET"
                }
            },
            "resources": {
                "aws_api_gateway_deployment.deployment": {
                    "type": "aws_api_gateway_deployment",
                    "depends_on": [
                        "aws_api_gateway_integration.request_method_integration",
                        "aws_api_gateway_integration_response.response_method_integration",
                        "aws_api_gateway_method.request_method",
                        "aws_api_gateway_method_response.response_method",
                        "aws_api_gateway_rest_api.api",
                        "local.stage_name"
                    ],
                    "primary": {
                        "id": "zlc7gm",
                        "attributes": {
                            "created_date": "2019-02-13T11:52:34Z",
                            "description": "",
                            "execution_arn": "arn:aws:execute-api:ap-southeast-1:534141808982:0y6wzn0ail/dev",
                            "id": "zlc7gm",
                            "invoke_url": "https://0y6wzn0ail.execute-api.ap-southeast-1.amazonaws.com/dev",
                            "rest_api_id": "0y6wzn0ail",
                            "stage_name": "dev"
                        },
                        "meta": {},
                        "tainted": false
                    },
                    "deposed": [],
                    "provider": "provider.aws"
                },
                "aws_api_gateway_integration.request_method_integration": {
                    "type": "aws_api_gateway_integration",
                    "depends_on": [
                        "aws_api_gateway_method.request_method",
                        "aws_api_gateway_resource.proxy",
                        "aws_api_gateway_rest_api.api",
                        "local.lambda_arn",
                        "local.lambda_version",
                        "local.region"
                    ],
                    "primary": {
                        "id": "agi-0y6wzn0ail-u2ysyk-GET",
                        "attributes": {
                            "cache_key_parameters.#": "0",
                            "cache_namespace": "u2ysyk",
                            "connection_id": "",
                            "connection_type": "INTERNET",
                            "content_handling": "",
                            "credentials": "",
                            "http_method": "GET",
                            "id": "agi-0y6wzn0ail-u2ysyk-GET",
                            "integration_http_method": "POST",
                            "passthrough_behavior": "WHEN_NO_MATCH",
                            "request_parameters.%": "0",
                            "request_templates.%": "0",
                            "resource_id": "u2ysyk",
                            "rest_api_id": "0y6wzn0ail",
                            "timeout_milliseconds": "29000",
                            "type": "AWS_PROXY",
                            "uri": "arn:aws:apigateway:ap-southeast-1:lambda:path/2015-03-31/functions/arn:aws:lambda:ap-southeast-1:534141808982:function:terraform-workshop:$LATEST/invocations"
                        },
                        "meta": {},
                        "tainted": false
                    },
                    "deposed": [],
                    "provider": "provider.aws"
                },
                "aws_api_gateway_integration_response.response_method_integration": {
                    "type": "aws_api_gateway_integration_response",
                    "depends_on": [
                        "aws_api_gateway_method_response.response_method",
                        "aws_api_gateway_resource.proxy",
                        "aws_api_gateway_rest_api.api"
                    ],
                    "primary": {
                        "id": "agir-0y6wzn0ail-u2ysyk-GET-200",
                        "attributes": {
                            "content_handling": "",
                            "http_method": "GET",
                            "id": "agir-0y6wzn0ail-u2ysyk-GET-200",
                            "resource_id": "u2ysyk",
                            "response_parameters.%": "0",
                            "response_templates.%": "1",
                            "response_templates.application/json": "",
                            "rest_api_id": "0y6wzn0ail",
                            "selection_pattern": "",
                            "status_code": "200"
                        },
                        "meta": {},
                        "tainted": false
                    },
                    "deposed": [],
                    "provider": "provider.aws"
                },
                "aws_api_gateway_method.request_method": {
                    "type": "aws_api_gateway_method",
                    "depends_on": [
                        "aws_api_gateway_resource.proxy",
                        "aws_api_gateway_rest_api.api",
                        "local.method"
                    ],
                    "primary": {
                        "id": "agm-0y6wzn0ail-u2ysyk-GET",
                        "attributes": {
                            "api_key_required": "false",
                            "authorization": "NONE",
                            "http_method": "GET",
                            "id": "agm-0y6wzn0ail-u2ysyk-GET",
                            "resource_id": "u2ysyk",
                            "rest_api_id": "0y6wzn0ail"
                        },
                        "meta": {},
                        "tainted": false
                    },
                    "deposed": [],
                    "provider": "provider.aws"
                },
                "aws_api_gateway_method_response.response_method": {
                    "type": "aws_api_gateway_method_response",
                    "depends_on": [
                        "aws_api_gateway_integration.request_method_integration",
                        "aws_api_gateway_resource.proxy",
                        "aws_api_gateway_rest_api.api"
                    ],
                    "primary": {
                        "id": "agmr-0y6wzn0ail-u2ysyk-GET-200",
                        "attributes": {
                            "http_method": "GET",
                            "id": "agmr-0y6wzn0ail-u2ysyk-GET-200",
                            "resource_id": "u2ysyk",
                            "response_models.%": "1",
                            "response_models.application/json": "Empty",
                            "rest_api_id": "0y6wzn0ail",
                            "status_code": "200"
                        },
                        "meta": {},
                        "tainted": false
                    },
                    "deposed": [],
                    "provider": "provider.aws"
                },
                "aws_api_gateway_resource.proxy": {
                    "type": "aws_api_gateway_resource",
                    "depends_on": [
                        "aws_api_gateway_rest_api.api",
                        "local.resource_name"
                    ],
                    "primary": {
                        "id": "u2ysyk",
                        "attributes": {
                            "id": "u2ysyk",
                            "parent_id": "vpex3jxqj0",
                            "path": "/test",
                            "path_part": "test",
                            "rest_api_id": "0y6wzn0ail"
                        },
                        "meta": {},
                        "tainted": false
                    },
                    "deposed": [],
                    "provider": "provider.aws"
                },
                "aws_api_gateway_rest_api.api": {
                    "type": "aws_api_gateway_rest_api",
                    "depends_on": [
                        "local.name"
                    ],
                    "primary": {
                        "id": "0y6wzn0ail",
                        "attributes": {
                            "api_key_source": "HEADER",
                            "binary_media_types.#": "0",
                            "created_date": "2019-02-13T11:52:31Z",
                            "description": "",
                            "endpoint_configuration.#": "1",
                            "endpoint_configuration.0.types.#": "1",
                            "endpoint_configuration.0.types.0": "EDGE",
                            "execution_arn": "arn:aws:execute-api:ap-southeast-1:534141808982:0y6wzn0ail",
                            "id": "0y6wzn0ail",
                            "minimum_compression_size": "-1",
                            "name": "my_api_name",
                            "policy": "",
                            "root_resource_id": "vpex3jxqj0"
                        },
                        "meta": {},
                        "tainted": false
                    },
                    "deposed": [],
                    "provider": "provider.aws"
                },
                "aws_lambda_permission.allow_api_gateway": {
                    "type": "aws_lambda_permission",
                    "depends_on": [
                        "aws_api_gateway_resource.proxy",
                        "aws_api_gateway_rest_api.api",
                        "local.lambda_arn"
                    ],
                    "primary": {
                        "id": "AllowExecutionFromApiGateway",
                        "attributes": {
                            "action": "lambda:InvokeFunction",
                            "function_name": "arn:aws:lambda:ap-southeast-1:534141808982:function:terraform-workshop",
                            "id": "AllowExecutionFromApiGateway",
                            "principal": "apigateway.amazonaws.com",
                            "qualifier": "",
                            "source_arn": "arn:aws:execute-api:ap-southeast-1:534141808982:0y6wzn0ail/*/*/*",
                            "statement_id": "AllowExecutionFromApiGateway"
                        },
                        "meta": {},
                        "tainted": false
                    },
                    "deposed": [],
                    "provider": "provider.aws"
                }
            },
            "depends_on": []
        },
        {
            "path": [
                "root",
                "list_profile",
                "global_variables"
            ],
            "outputs": {
                "profile": {
                    "sensitive": false,
                    "type": "string",
                    "value": "default"
                },
                "region": {
                    "sensitive": false,
                    "type": "string",
                    "value": "ap-southeast-1"
                },
                "runtime": {
                    "sensitive": false,
                    "type": "string",
                    "value": "dotnetcore2.1"
                }
            },
            "resources": {},
            "depends_on": []
        }
    ]
}
